
Microsoft Visual Studio Solution File, Format Version 12.00
# Visual Studio Version 16
VisualStudioVersion = 16.0.28803.202
MinimumVisualStudioVersion = 10.0.40219.1
Project("{FAE04EC0-301F-11D3-BF4B-00C04F79EFBC}") = "WeatherStationObserverPattern", "WeatherStationObserverPattern\WeatherStationObserverPattern.csproj", "{C0CD399D-CDC6-407B-BEC3-6D4C61DD65E5}"
EndProject
Global
	GlobalSection(SolutionConfigurationPlatforms) = preSolution
		Debug|Any CPU = Debug|Any CPU
		Release|Any CPU = Release|Any CPU
	EndGlobalSection
	GlobalSection(ProjectConfigurationPlatforms) = postSolution
		{C0CD399D-CDC6-407B-BEC3-6D4C61DD65E5}.Debug|Any CPU.ActiveCfg = Debug|Any CPU
		{C0CD399D-CDC6-407B-BEC3-6D4C61DD65E5}.Debug|Any CPU.Build.0 = Debug|Any CPU
		{C0CD399D-CDC6-407B-BEC3-6D4C61DD65E5}.Release|Any CPU.ActiveCfg = Release|Any CPU
		{C0CD399D-CDC6-407B-BEC3-6D4C61DD65E5}.Release|Any CPU.Build.0 = Release|Any CPU
	EndGlobalSection
	GlobalSection(SolutionProperties) = preSolution
		HideSolutionNode = FALSE
	EndGlobalSection
	GlobalSection(ExtensibilityGlobals) = postSolution
		SolutionGuid = {235A4FA4-BFDE-42A7-8DB2-CDBE21C2511C}
	EndGlobalSection
EndGlobal
